
Microsoft Visual Studio Solution File, Format Version 12.00
# Visual Studio Version 16
VisualStudioVersion = 16.0.33328.57
MinimumVisualStudioVersion = 10.0.40219.1
Project("{FAE04EC0-301F-11D3-BF4B-00C04F79EFBC}") = "CevikTeknikChat.Android", "CevikTeknikChat\CevikTeknikChat.Android\CevikTeknikChat.Android.csproj", "{FA8497D2-2BC5-4D50-8A42-C53D5B6F56C3}"
EndProject
Project("{FAE04EC0-301F-11D3-BF4B-00C04F79EFBC}") = "CevikTeknikChat.iOS", "CevikTeknikChat\CevikTeknikChat.iOS\CevikTeknikChat.iOS.csproj", "{4644C212-8819-4200-9180-ABD1D88814A5}"
EndProject
Project("{FAE04EC0-301F-11D3-BF4B-00C04F79EFBC}") = "CevikTeknikChat", "CevikTeknikChat\CevikTeknikChat\CevikTeknikChat.csproj", "{88B6E71D-0DE3-42DE-8BF9-939A28A8074B}"
EndProject
Global
	GlobalSection(SolutionConfigurationPlatforms) = preSolution
		Debug|Any CPU = Debug|Any CPU
		Debug|iPhone = Debug|iPhone
		Debug|iPhoneSimulator = Debug|iPhoneSimulator
		Release|Any CPU = Release|Any CPU
		Release|iPhone = Release|iPhone
		Release|iPhoneSimulator = Release|iPhoneSimulator
	EndGlobalSection
	GlobalSection(ProjectConfigurationPlatforms) = postSolution
		{FA8497D2-2BC5-4D50-8A42-C53D5B6F56C3}.Debug|Any CPU.ActiveCfg = Debug|Any CPU
		{FA8497D2-2BC5-4D50-8A42-C53D5B6F56C3}.Debug|Any CPU.Build.0 = Debug|Any CPU
		{FA8497D2-2BC5-4D50-8A42-C53D5B6F56C3}.Debug|Any CPU.Deploy.0 = Debug|Any CPU
		{FA8497D2-2BC5-4D50-8A42-C53D5B6F56C3}.Debug|iPhone.ActiveCfg = Debug|Any CPU
		{FA8497D2-2BC5-4D50-8A42-C53D5B6F56C3}.Debug|iPhone.Build.0 = Debug|Any CPU
		{FA8497D2-2BC5-4D50-8A42-C53D5B6F56C3}.Debug|iPhone.Deploy.0 = Debug|Any CPU
		{FA8497D2-2BC5-4D50-8A42-C53D5B6F56C3}.Debug|iPhoneSimulator.ActiveCfg = Debug|Any CPU
		{FA8497D2-2BC5-4D50-8A42-C53D5B6F56C3}.Debug|iPhoneSimulator.Build.0 = Debug|Any CPU
		{FA8497D2-2BC5-4D50-8A42-C53D5B6F56C3}.Debug|iPhoneSimulator.Deploy.0 = Debug|Any CPU
		{FA8497D2-2BC5-4D50-8A42-C53D5B6F56C3}.Release|Any CPU.ActiveCfg = Release|Any CPU
		{FA8497D2-2BC5-4D50-8A42-C53D5B6F56C3}.Release|Any CPU.Build.0 = Release|Any CPU
		{FA8497D2-2BC5-4D50-8A42-C53D5B6F56C3}.Release|Any CPU.Deploy.0 = Release|Any CPU
		{FA8497D2-2BC5-4D50-8A42-C53D5B6F56C3}.Release|iPhone.ActiveCfg = Release|Any CPU
		{FA8497D2-2BC5-4D50-8A42-C53D5B6F56C3}.Release|iPhone.Build.0 = Release|Any CPU
		{FA8497D2-2BC5-4D50-8A42-C53D5B6F56C3}.Release|iPhone.Deploy.0 = Release|Any CPU
		{FA8497D2-2BC5-4D50-8A42-C53D5B6F56C3}.Release|iPhoneSimulator.ActiveCfg = Release|Any CPU
		{FA8497D2-2BC5-4D50-8A42-C53D5B6F56C3}.Release|iPhoneSimulator.Build.0 = Release|Any CPU
		{FA8497D2-2BC5-4D50-8A42-C53D5B6F56C3}.Release|iPhoneSimulator.Deploy.0 = Release|Any CPU
		{4644C212-8819-4200-9180-ABD1D88814A5}.Debug|Any CPU.ActiveCfg = Debug|iPhone
		{4644C212-8819-4200-9180-ABD1D88814A5}.Debug|Any CPU.Build.0 = Debug|iPhone
		{4644C212-8819-4200-9180-ABD1D88814A5}.Debug|Any CPU.Deploy.0 = Debug|iPhone
		{4644C212-8819-4200-9180-ABD1D88814A5}.Debug|iPhone.ActiveCfg = Debug|iPhone
		{4644C212-8819-4200-9180-ABD1D88814A5}.Debug|iPhone.Build.0 = Debug|iPhone
		{4644C212-8819-4200-9180-ABD1D88814A5}.Debug|iPhone.Deploy.0 = Debug|iPhone
		{4644C212-8819-4200-9180-ABD1D88814A5}.Debug|iPhoneSimulator.ActiveCfg = Debug|iPhoneSimulator
		{4644C212-8819-4200-9180-ABD1D88814A5}.Debug|iPhoneSimulator.Build.0 = Debug|iPhoneSimulator
		{4644C212-8819-4200-9180-ABD1D88814A5}.Debug|iPhoneSimulator.Deploy.0 = Debug|iPhoneSimulator
		{4644C212-8819-4200-9180-ABD1D88814A5}.Release|Any CPU.ActiveCfg = Release|iPhoneSimulator
		{4644C212-8819-4200-9180-ABD1D88814A5}.Release|Any CPU.Build.0 = Release|iPhoneSimulator
		{4644C212-8819-4200-9180-ABD1D88814A5}.Release|Any CPU.Deploy.0 = Release|iPhoneSimulator
		{4644C212-8819-4200-9180-ABD1D88814A5}.Release|iPhone.ActiveCfg = Release|iPhone
		{4644C212-8819-4200-9180-ABD1D88814A5}.Release|iPhone.Build.0 = Release|iPhone
		{4644C212-8819-4200-9180-ABD1D88814A5}.Release|iPhone.Deploy.0 = Release|iPhone
		{4644C212-8819-4200-9180-ABD1D88814A5}.Release|iPhoneSimulator.ActiveCfg = Release|iPhoneSimulator
		{4644C212-8819-4200-9180-ABD1D88814A5}.Release|iPhoneSimulator.Build.0 = Release|iPhoneSimulator
		{4644C212-8819-4200-9180-ABD1D88814A5}.Release|iPhoneSimulator.Deploy.0 = Release|iPhoneSimulator
		{88B6E71D-0DE3-42DE-8BF9-939A28A8074B}.Debug|Any CPU.ActiveCfg = Debug|Any CPU
		{88B6E71D-0DE3-42DE-8BF9-939A28A8074B}.Debug|Any CPU.Build.0 = Debug|Any CPU
		{88B6E71D-0DE3-42DE-8BF9-939A28A8074B}.Debug|Any CPU.Deploy.0 = Debug|Any CPU
		{88B6E71D-0DE3-42DE-8BF9-939A28A8074B}.Debug|iPhone.ActiveCfg = Debug|Any CPU
		{88B6E71D-0DE3-42DE-8BF9-939A28A8074B}.Debug|iPhone.Build.0 = Debug|Any CPU
		{88B6E71D-0DE3-42DE-8BF9-939A28A8074B}.Debug|iPhone.Deploy.0 = Debug|Any CPU
		{88B6E71D-0DE3-42DE-8BF9-939A28A8074B}.Debug|iPhoneSimulator.ActiveCfg = Debug|Any CPU
		{88B6E71D-0DE3-42DE-8BF9-939A28A8074B}.Debug|iPhoneSimulator.Build.0 = Debug|Any CPU
		{88B6E71D-0DE3-42DE-8BF9-939A28A8074B}.Debug|iPhoneSimulator.Deploy.0 = Debug|Any CPU
		{88B6E71D-0DE3-42DE-8BF9-939A28A8074B}.Release|Any CPU.ActiveCfg = Release|Any CPU
		{88B6E71D-0DE3-42DE-8BF9-939A28A8074B}.Release|Any CPU.Build.0 = Release|Any CPU
		{88B6E71D-0DE3-42DE-8BF9-939A28A8074B}.Release|Any CPU.Deploy.0 = Release|Any CPU
		{88B6E71D-0DE3-42DE-8BF9-939A28A8074B}.Release|iPhone.ActiveCfg = Release|Any CPU
		{88B6E71D-0DE3-42DE-8BF9-939A28A8074B}.Release|iPhone.Build.0 = Release|Any CPU
		{88B6E71D-0DE3-42DE-8BF9-939A28A8074B}.Release|iPhone.Deploy.0 = Release|Any CPU
		{88B6E71D-0DE3-42DE-8BF9-939A28A8074B}.Release|iPhoneSimulator.ActiveCfg = Release|Any CPU
		{88B6E71D-0DE3-42DE-8BF9-939A28A8074B}.Release|iPhoneSimulator.Build.0 = Release|Any CPU
		{88B6E71D-0DE3-42DE-8BF9-939A28A8074B}.Release|iPhoneSimulator.Deploy.0 = Release|Any CPU
	EndGlobalSection
	GlobalSection(SolutionProperties) = preSolution
		HideSolutionNode = FALSE
	EndGlobalSection
	GlobalSection(ExtensibilityGlobals) = postSolution
		SolutionGuid = {99672860-D665-4F29-A4F0-A1DC7F988467}
	EndGlobalSection
EndGlobal
